
Microsoft Visual Studio Solution File, Format Version 12.00
# Visual Studio Version 17
VisualStudioVersion = 17.0.31903.59
MinimumVisualStudioVersion = 10.0.40219.1
Project("{FAE04EC0-301F-11D3-BF4B-00C04F79EFBC}") = "kivoBackend.Core", "kivoBackend.Core\kivoBackend.Core.csproj", "{055D97A5-8895-48DB-B3B2-1EF4ACAB98AD}"
EndProject
Project("{FAE04EC0-301F-11D3-BF4B-00C04F79EFBC}") = "kivoBackend.Application", "kivoBackend.Application\kivoBackend.Application.csproj", "{4DE89751-CBF5-4181-903D-C58AF9853B7A}"
EndProject
Project("{FAE04EC0-301F-11D3-BF4B-00C04F79EFBC}") = "kivoBackend.Infrastructure", "kivoBackend.Infrastructure\kivoBackend.Infrastructure.csproj", "{3A074F6A-4AAB-4275-9D74-9E5E6F696E77}"
EndProject
Project("{FAE04EC0-301F-11D3-BF4B-00C04F79EFBC}") = "kivoBackend.Presentation", "kivoBackend.Presentation\kivoBackend.Presentation.csproj", "{56CDD851-1593-47C3-9136-0A5518B52C22}"
EndProject
Global
	GlobalSection(SolutionConfigurationPlatforms) = preSolution
		Debug|Any CPU = Debug|Any CPU
		Debug|x64 = Debug|x64
		Debug|x86 = Debug|x86
		Release|Any CPU = Release|Any CPU
		Release|x64 = Release|x64
		Release|x86 = Release|x86
	EndGlobalSection
	GlobalSection(ProjectConfigurationPlatforms) = postSolution
		{055D97A5-8895-48DB-B3B2-1EF4ACAB98AD}.Debug|Any CPU.ActiveCfg = Debug|Any CPU
		{055D97A5-8895-48DB-B3B2-1EF4ACAB98AD}.Debug|Any CPU.Build.0 = Debug|Any CPU
		{055D97A5-8895-48DB-B3B2-1EF4ACAB98AD}.Debug|x64.ActiveCfg = Debug|Any CPU
		{055D97A5-8895-48DB-B3B2-1EF4ACAB98AD}.Debug|x64.Build.0 = Debug|Any CPU
		{055D97A5-8895-48DB-B3B2-1EF4ACAB98AD}.Debug|x86.ActiveCfg = Debug|Any CPU
		{055D97A5-8895-48DB-B3B2-1EF4ACAB98AD}.Debug|x86.Build.0 = Debug|Any CPU
		{055D97A5-8895-48DB-B3B2-1EF4ACAB98AD}.Release|Any CPU.ActiveCfg = Release|Any CPU
		{055D97A5-8895-48DB-B3B2-1EF4ACAB98AD}.Release|Any CPU.Build.0 = Release|Any CPU
		{055D97A5-8895-48DB-B3B2-1EF4ACAB98AD}.Release|x64.ActiveCfg = Release|Any CPU
		{055D97A5-8895-48DB-B3B2-1EF4ACAB98AD}.Release|x64.Build.0 = Release|Any CPU
		{055D97A5-8895-48DB-B3B2-1EF4ACAB98AD}.Release|x86.ActiveCfg = Release|Any CPU
		{055D97A5-8895-48DB-B3B2-1EF4ACAB98AD}.Release|x86.Build.0 = Release|Any CPU
		{4DE89751-CBF5-4181-903D-C58AF9853B7A}.Debug|Any CPU.ActiveCfg = Debug|Any CPU
		{4DE89751-CBF5-4181-903D-C58AF9853B7A}.Debug|Any CPU.Build.0 = Debug|Any CPU
		{4DE89751-CBF5-4181-903D-C58AF9853B7A}.Debug|x64.ActiveCfg = Debug|Any CPU
		{4DE89751-CBF5-4181-903D-C58AF9853B7A}.Debug|x64.Build.0 = Debug|Any CPU
		{4DE89751-CBF5-4181-903D-C58AF9853B7A}.Debug|x86.ActiveCfg = Debug|Any CPU
		{4DE89751-CBF5-4181-903D-C58AF9853B7A}.Debug|x86.Build.0 = Debug|Any CPU
		{4DE89751-CBF5-4181-903D-C58AF9853B7A}.Release|Any CPU.ActiveCfg = Release|Any CPU
		{4DE89751-CBF5-4181-903D-C58AF9853B7A}.Release|Any CPU.Build.0 = Release|Any CPU
		{4DE89751-CBF5-4181-903D-C58AF9853B7A}.Release|x64.ActiveCfg = Release|Any CPU
		{4DE89751-CBF5-4181-903D-C58AF9853B7A}.Release|x64.Build.0 = Release|Any CPU
		{4DE89751-CBF5-4181-903D-C58AF9853B7A}.Release|x86.ActiveCfg = Release|Any CPU
		{4DE89751-CBF5-4181-903D-C58AF9853B7A}.Release|x86.Build.0 = Release|Any CPU
		{3A074F6A-4AAB-4275-9D74-9E5E6F696E77}.Debug|Any CPU.ActiveCfg = Debug|Any CPU
		{3A074F6A-4AAB-4275-9D74-9E5E6F696E77}.Debug|Any CPU.Build.0 = Debug|Any CPU
		{3A074F6A-4AAB-4275-9D74-9E5E6F696E77}.Debug|x64.ActiveCfg = Debug|Any CPU
		{3A074F6A-4AAB-4275-9D74-9E5E6F696E77}.Debug|x64.Build.0 = Debug|Any CPU
		{3A074F6A-4AAB-4275-9D74-9E5E6F696E77}.Debug|x86.ActiveCfg = Debug|Any CPU
		{3A074F6A-4AAB-4275-9D74-9E5E6F696E77}.Debug|x86.Build.0 = Debug|Any CPU
		{3A074F6A-4AAB-4275-9D74-9E5E6F696E77}.Release|Any CPU.ActiveCfg = Release|Any CPU
		{3A074F6A-4AAB-4275-9D74-9E5E6F696E77}.Release|Any CPU.Build.0 = Release|Any CPU
		{3A074F6A-4AAB-4275-9D74-9E5E6F696E77}.Release|x64.ActiveCfg = Release|Any CPU
		{3A074F6A-4AAB-4275-9D74-9E5E6F696E77}.Release|x64.Build.0 = Release|Any CPU
		{3A074F6A-4AAB-4275-9D74-9E5E6F696E77}.Release|x86.ActiveCfg = Release|Any CPU
		{3A074F6A-4AAB-4275-9D74-9E5E6F696E77}.Release|x86.Build.0 = Release|Any CPU
		{56CDD851-1593-47C3-9136-0A5518B52C22}.Debug|Any CPU.ActiveCfg = Debug|Any CPU
		{56CDD851-1593-47C3-9136-0A5518B52C22}.Debug|Any CPU.Build.0 = Debug|Any CPU
		{56CDD851-1593-47C3-9136-0A5518B52C22}.Debug|x64.ActiveCfg = Debug|Any CPU
		{56CDD851-1593-47C3-9136-0A5518B52C22}.Debug|x64.Build.0 = Debug|Any CPU
		{56CDD851-1593-47C3-9136-0A5518B52C22}.Debug|x86.ActiveCfg = Debug|Any CPU
		{56CDD851-1593-47C3-9136-0A5518B52C22}.Debug|x86.Build.0 = Debug|Any CPU
		{56CDD851-1593-47C3-9136-0A5518B52C22}.Release|Any CPU.ActiveCfg = Release|Any CPU
		{56CDD851-1593-47C3-9136-0A5518B52C22}.Release|Any CPU.Build.0 = Release|Any CPU
		{56CDD851-1593-47C3-9136-0A5518B52C22}.Release|x64.ActiveCfg = Release|Any CPU
		{56CDD851-1593-47C3-9136-0A5518B52C22}.Release|x64.Build.0 = Release|Any CPU
		{56CDD851-1593-47C3-9136-0A5518B52C22}.Release|x86.ActiveCfg = Release|Any CPU
		{56CDD851-1593-47C3-9136-0A5518B52C22}.Release|x86.Build.0 = Release|Any CPU
	EndGlobalSection
	GlobalSection(SolutionProperties) = preSolution
		HideSolutionNode = FALSE
	EndGlobalSection
EndGlobal
